
Microsoft Visual Studio Solution File, Format Version 12.00
# Visual Studio 15
Project("{FAE04EC0-301F-11D3-BF4B-00C04F79EFBC}") = "Assembly-CSharp-firstpass", "Assembly-CSharp-firstpass.csproj", "{D4AF668A-7C12-BE0B-75F5-DDB13CC61A3F}"
EndProject
Project("{FAE04EC0-301F-11D3-BF4B-00C04F79EFBC}") = "Assembly-CSharp", "Assembly-CSharp.csproj", "{99A6D6D4-65DA-901C-4B3F-FB911538D206}"
EndProject
Project("{FAE04EC0-301F-11D3-BF4B-00C04F79EFBC}") = "Assembly-CSharp-Editor-firstpass", "Assembly-CSharp-Editor-firstpass.csproj", "{65658FD7-48A8-77BA-09A4-53E29B46124E}"
EndProject
Global
	GlobalSection(SolutionConfigurationPlatforms) = preSolution
		Debug|Any CPU = Debug|Any CPU
		Release|Any CPU = Release|Any CPU
	EndGlobalSection
	GlobalSection(ProjectConfigurationPlatforms) = postSolution
		{D4AF668A-7C12-BE0B-75F5-DDB13CC61A3F}.Debug|Any CPU.ActiveCfg = Debug|Any CPU
		{D4AF668A-7C12-BE0B-75F5-DDB13CC61A3F}.Debug|Any CPU.Build.0 = Debug|Any CPU
		{D4AF668A-7C12-BE0B-75F5-DDB13CC61A3F}.Release|Any CPU.ActiveCfg = Release|Any CPU
		{D4AF668A-7C12-BE0B-75F5-DDB13CC61A3F}.Release|Any CPU.Build.0 = Release|Any CPU
		{99A6D6D4-65DA-901C-4B3F-FB911538D206}.Debug|Any CPU.ActiveCfg = Debug|Any CPU
		{99A6D6D4-65DA-901C-4B3F-FB911538D206}.Debug|Any CPU.Build.0 = Debug|Any CPU
		{99A6D6D4-65DA-901C-4B3F-FB911538D206}.Release|Any CPU.ActiveCfg = Release|Any CPU
		{99A6D6D4-65DA-901C-4B3F-FB911538D206}.Release|Any CPU.Build.0 = Release|Any CPU
		{65658FD7-48A8-77BA-09A4-53E29B46124E}.Debug|Any CPU.ActiveCfg = Debug|Any CPU
		{65658FD7-48A8-77BA-09A4-53E29B46124E}.Debug|Any CPU.Build.0 = Debug|Any CPU
		{65658FD7-48A8-77BA-09A4-53E29B46124E}.Release|Any CPU.ActiveCfg = Release|Any CPU
		{65658FD7-48A8-77BA-09A4-53E29B46124E}.Release|Any CPU.Build.0 = Release|Any CPU
	EndGlobalSection
	GlobalSection(SolutionProperties) = preSolution
		HideSolutionNode = FALSE
	EndGlobalSection
EndGlobal
